Microsoft Visual Studio Solution File, Format Version 12.00
# Visual Studio Version 17
VisualStudioVersion = 17.5.2.0
MinimumVisualStudioVersion = 10.0.40219.1
Project("{2150E333-8FDC-42A3-9474-1A3956D46DE8}") = "src", "src", "{827E0CD3-B72D-47B6-A68D-7590B98EB39B}"
EndProject
Project("{FAE04EC0-301F-11D3-BF4B-00C04F79EFBC}") = "PhiInfo.Android", "src\PhiInfo.Android\PhiInfo.Android.csproj", "{E354D929-9EF4-3BAF-DEC5-850A87C13A94}"
EndProject
Project("{FAE04EC0-301F-11D3-BF4B-00C04F79EFBC}") = "PhiInfo.CLI", "src\PhiInfo.CLI\PhiInfo.CLI.csproj", "{06CB54B4-AD4E-C294-807D-AE38687A65BF}"
EndProject
Project("{FAE04EC0-301F-11D3-BF4B-00C04F79EFBC}") = "PhiInfo.Core", "src\PhiInfo.Core\PhiInfo.Core.csproj", "{099095A9-87D3-F9B0-CA82-B543F50CFFB4}"
EndProject
Project("{FAE04EC0-301F-11D3-BF4B-00C04F79EFBC}") = "PhiInfo.HttpServer", "src\PhiInfo.HttpServer\PhiInfo.HttpServer.csproj", "{8B0F9954-5803-7F40-00EB-FE5D376D413B}"
EndProject
Project("{FAE04EC0-301F-11D3-BF4B-00C04F79EFBC}") = "Shua.Zip", "src\Shua.Zip\Shua.Zip.csproj", "{FB590AAA-AC63-2C60-A659-F5DFEC197596}"
EndProject
Global
	GlobalSection(SolutionConfigurationPlatforms) = preSolution
		Debug|Any CPU = Debug|Any CPU
		Release|Any CPU = Release|Any CPU
	EndGlobalSection
	GlobalSection(ProjectConfigurationPlatforms) = postSolution
		{E354D929-9EF4-3BAF-DEC5-850A87C13A94}.Debug|Any CPU.ActiveCfg = Debug|Any CPU
		{E354D929-9EF4-3BAF-DEC5-850A87C13A94}.Debug|Any CPU.Build.0 = Debug|Any CPU
		{E354D929-9EF4-3BAF-DEC5-850A87C13A94}.Release|Any CPU.ActiveCfg = Release|Any CPU
		{E354D929-9EF4-3BAF-DEC5-850A87C13A94}.Release|Any CPU.Build.0 = Release|Any CPU
		{06CB54B4-AD4E-C294-807D-AE38687A65BF}.Debug|Any CPU.ActiveCfg = Debug|Any CPU
		{06CB54B4-AD4E-C294-807D-AE38687A65BF}.Debug|Any CPU.Build.0 = Debug|Any CPU
		{06CB54B4-AD4E-C294-807D-AE38687A65BF}.Release|Any CPU.ActiveCfg = Release|Any CPU
		{06CB54B4-AD4E-C294-807D-AE38687A65BF}.Release|Any CPU.Build.0 = Release|Any CPU
		{099095A9-87D3-F9B0-CA82-B543F50CFFB4}.Debug|Any CPU.ActiveCfg = Debug|Any CPU
		{099095A9-87D3-F9B0-CA82-B543F50CFFB4}.Debug|Any CPU.Build.0 = Debug|Any CPU
		{099095A9-87D3-F9B0-CA82-B543F50CFFB4}.Release|Any CPU.ActiveCfg = Release|Any CPU
		{099095A9-87D3-F9B0-CA82-B543F50CFFB4}.Release|Any CPU.Build.0 = Release|Any CPU
		{8B0F9954-5803-7F40-00EB-FE5D376D413B}.Debug|Any CPU.ActiveCfg = Debug|Any CPU
		{8B0F9954-5803-7F40-00EB-FE5D376D413B}.Debug|Any CPU.Build.0 = Debug|Any CPU
		{8B0F9954-5803-7F40-00EB-FE5D376D413B}.Release|Any CPU.ActiveCfg = Release|Any CPU
		{8B0F9954-5803-7F40-00EB-FE5D376D413B}.Release|Any CPU.Build.0 = Release|Any CPU
		{FB590AAA-AC63-2C60-A659-F5DFEC197596}.Debug|Any CPU.ActiveCfg = Debug|Any CPU
		{FB590AAA-AC63-2C60-A659-F5DFEC197596}.Debug|Any CPU.Build.0 = Debug|Any CPU
		{FB590AAA-AC63-2C60-A659-F5DFEC197596}.Release|Any CPU.ActiveCfg = Release|Any CPU
		{FB590AAA-AC63-2C60-A659-F5DFEC197596}.Release|Any CPU.Build.0 = Release|Any CPU
	EndGlobalSection
	GlobalSection(SolutionProperties) = preSolution
		HideSolutionNode = FALSE
	EndGlobalSection
	GlobalSection(NestedProjects) = preSolution
		{E354D929-9EF4-3BAF-DEC5-850A87C13A94} = {827E0CD3-B72D-47B6-A68D-7590B98EB39B}
		{06CB54B4-AD4E-C294-807D-AE38687A65BF} = {827E0CD3-B72D-47B6-A68D-7590B98EB39B}
		{099095A9-87D3-F9B0-CA82-B543F50CFFB4} = {827E0CD3-B72D-47B6-A68D-7590B98EB39B}
		{8B0F9954-5803-7F40-00EB-FE5D376D413B} = {827E0CD3-B72D-47B6-A68D-7590B98EB39B}
		{FB590AAA-AC63-2C60-A659-F5DFEC197596} = {827E0CD3-B72D-47B6-A68D-7590B98EB39B}
	EndGlobalSection
	GlobalSection(ExtensibilityGlobals) = postSolution
		SolutionGuid = {D137950B-D087-4A9D-9229-D9520F0E67B0}
	EndGlobalSection
EndGlobal
