{
  "version": 1,
  "dependencies": {
    "net10.0-android36.0": {
      "Microsoft.DotNet.ILCompiler": {
        "type": "Direct",
        "requested": "[10.0.2, )",
        "resolved": "10.0.2",
        "contentHash": "0g8tazNW4q0anSYNl1hnaHGc7+BQXwpNBMx3d5T3JboOVzz4OXZgqbuoBYfn60VtDFtBMNVS2Kfopelpo2pLZA=="
      },
      "Microsoft.NET.ILLink.Tasks": {
        "type": "Direct",
        "requested": "[10.0.2, )",
        "resolved": "10.0.2",
        "contentHash": "sXdDtMf2qcnbygw9OdE535c2lxSxrZP8gO4UhDJ0xiJbl1wIqXS1OTcTDFTIJPOFd6Mhcm8gPEthqWGUxBsTqw=="
      },
      "AssetRipper.Primitives": {
        "type": "Transitive",
        "resolved": "3.1.3",
        "contentHash": "djZbN/+EXmI+Oia9Pm0LyjZVCPLf60TPSL5rGb7mBEYM5F4CN3nPFXvl2yA5LanPZoHS1Yq7PghGUmkP7Pv9RQ=="
      },
      "AssetRipper.TextureDecoder": {
        "type": "Transitive",
        "resolved": "2.6.1",
        "contentHash": "C1/nFYghRwx21yDm9PcsH8Dv/JeXYH16Tv7EBdzi2lX7qONfhyODOEyUD1y9pkVn47HUC0Vs43PEB/8BauDURA=="
      },
      "AssetsTools.NET": {
        "type": "Transitive",
        "resolved": "3.0.4",
        "contentHash": "NqYy5UIucwKwdkpamFTi8lr53hD+V8qQmbHzztQj1v4Pq1G4TjNlpkUWOhktTLBqBm4aPRaAkpFgB+3TDEuomw=="
      },
      "AssetsTools.NET.Cpp2IL": {
        "type": "Transitive",
        "resolved": "3.0.4",
        "contentHash": "G2AU/nOSqHnDWRVa8WqAb9Pt8PaG5aJIdGgkTCgZ1iNoVvseOIqFHowMJYwWrYTT5gQ79Dqd4Ta7fx6cILDObw==",
        "dependencies": {
          "AssetsTools.NET": "3.0.0",
          "Samboy063.LibCpp2IL": "2022.0.7.2"
        }
      },
      "Fmod5Sharp": {
        "type": "Transitive",
        "resolved": "3.1.0",
        "contentHash": "DPM710gixvM3GrF5FTceXgaAZmH4B3amo92HNIJHiXHUJdeIF3R/cZKDrZzc4A5gzX/M1MbqWBphR90e/b6HxQ==",
        "dependencies": {
          "IndexRange": "1.1.0",
          "NAudio.Core": "2.2.1",
          "OggVorbisEncoder": "1.2.2"
        }
      },
      "IndexRange": {
        "type": "Transitive",
        "resolved": "1.1.0",
        "contentHash": "fG+2WP1e3Fg3ZVq85XAdiwG9t0twi3r0LvOrTjtbH/31Rd5gLnV5APOD2JHAowbZYDgj9D3rXRbUvIL+ew0WZQ==",
        "dependencies": {
          "Microsoft.Bcl.Memory": "9.0.0"
        }
      },
      "Microsoft.Bcl.Memory": {
        "type": "Transitive",
        "resolved": "9.0.0",
        "contentHash": "bTUtGfpGyJnohQzjdXbtc7MqNzkv7CWUSRz54+ucNm0i32rZiIU0VdVPHDBShOl1qhVKRjW8mnEBz3d2vH93tQ=="
      },
      "NAudio.Core": {
        "type": "Transitive",
        "resolved": "2.2.1",
        "contentHash": "GgkdP6K/7FqXFo7uHvoqGZTJvW4z8g2IffhOO4JHaLzKCdDOUEzVKtveoZkCuUX8eV2HAINqi7VFqlFndrnz/g=="
      },
      "OggVorbisEncoder": {
        "type": "Transitive",
        "resolved": "1.2.2",
        "contentHash": "MZMa5URyED82nJUfGCbulS/1/Np+zhE2mt3h9TuAPOurVN3rYHEaVc7cKd7IK1vROB4UMdTgSoPCW3EJCNmHJw=="
      },
      "Samboy063.LibCpp2IL": {
        "type": "Transitive",
        "resolved": "2022.1.0-pre-release.19",
        "contentHash": "/n8p81ltd38BeNNS2xUNPGMSzxk/UGXr9cRNqG1MaLogzANNNrvCAXqWmNMM3tZctjp7vqTxEA+e4J4ngul8Fg==",
        "dependencies": {
          "AssetRipper.Primitives": "3.1.3",
          "Samboy063.WasmDisassembler": "2022.1.0-pre-release.19"
        }
      },
      "Samboy063.WasmDisassembler": {
        "type": "Transitive",
        "resolved": "2022.1.0-pre-release.19",
        "contentHash": "uVQdYm/J6+jJ1xt6GJ3hNhXhciwlX+LmHTPITu9jjZ75T33YJuuTD7pLVYuMymr+4gSVisg7f1wterFSyqJBWA=="
      },
      "SixLabors.ImageSharp": {
        "type": "Transitive",
        "resolved": "3.1.12",
        "contentHash": "iAg6zifihXEFS/t7fiHhZBGAdCp3FavsF4i2ZIDp0JfeYeDVzvmlbY1CNhhIKimaIzrzSi5M/NBFcWvZT2rB/A=="
      },
      "PhigrosLabs.PhiInfo.Core": {
        "type": "Project",
        "dependencies": {
          "AssetsTools.NET": "[3.0.4, )",
          "AssetsTools.NET.Cpp2IL": "[3.0.4, )",
          "Samboy063.LibCpp2IL": "[2022.1.0-pre-release.19, )"
        }
      },
      "PhigrosLabs.PhiInfo.Processing": {
        "type": "Project",
        "dependencies": {
          "AssetRipper.TextureDecoder": "[2.6.1, )",
          "Fmod5Sharp": "[3.1.0, )",
          "PhigrosLabs.PhiInfo.Core": "[1.0.0, )",
          "Shua.Zip": "[1.0.0, )",
          "SixLabors.ImageSharp": "[3.1.12, )"
        }
      },
      "shua.zip": {
        "type": "Project"
      }
    },
    "net10.0-android36.0/android-arm64": {
      "Microsoft.DotNet.ILCompiler": {
        "type": "Direct",
        "requested": "[10.0.2, )",
        "resolved": "10.0.2",
        "contentHash": "0g8tazNW4q0anSYNl1hnaHGc7+BQXwpNBMx3d5T3JboOVzz4OXZgqbuoBYfn60VtDFtBMNVS2Kfopelpo2pLZA==",
        "dependencies": {
          "runtime.linux-arm64.Microsoft.DotNet.ILCompiler": "10.0.2"
        }
      },
      "runtime.linux-arm64.Microsoft.DotNet.ILCompiler": {
        "type": "Transitive",
        "resolved": "10.0.2",
        "contentHash": "kmZPTEiuY0fvobk4fMoL8ylcjbrJB9Oj8NeEfvUprEzZlodupK5MumI04HYkEDDzTHWKbbx+IIZfpz6qmgs4FQ=="
      }
    }
  }
}